
Microsoft Visual Studio Solution File, Format Version 12.00
# Visual Studio Version 17
VisualStudioVersion = 17.3.32929.385
MinimumVisualStudioVersion = 10.0.40219.1
Project("{FAE04EC0-301F-11D3-BF4B-00C04F79EFBC}") = "ConsoleApp4", "ConsoleApp4\ConsoleApp4.csproj", "{70E61044-4629-4E10-8531-DC985D39BF91}"
EndProject
Global
	GlobalSection(SolutionConfigurationPlatforms) = preSolution
		Debug|Any CPU = Debug|Any CPU
		Release|Any CPU = Release|Any CPU
	EndGlobalSection
	GlobalSection(ProjectConfigurationPlatforms) = postSolution
		{70E61044-4629-4E10-8531-DC985D39BF91}.Debug|Any CPU.ActiveCfg = Debug|Any CPU
		{70E61044-4629-4E10-8531-DC985D39BF91}.Debug|Any CPU.Build.0 = Debug|Any CPU
		{70E61044-4629-4E10-8531-DC985D39BF91}.Release|Any CPU.ActiveCfg = Release|Any CPU
		{70E61044-4629-4E10-8531-DC985D39BF91}.Release|Any CPU.Build.0 = Release|Any CPU
	EndGlobalSection
	GlobalSection(SolutionProperties) = preSolution
		HideSolutionNode = FALSE
	EndGlobalSection
	GlobalSection(ExtensibilityGlobals) = postSolution
		SolutionGuid = {2C163D71-4B22-4BB5-A94D-55CE433D9D51}
	EndGlobalSection
EndGlobal
